{
  "name": "week1",
  "version": "1.0.0",
  "lockfileVersion": 1,
  "requires": true,
  "dependencies": {
    "db-country": {
      "version": "1.0.1",
      "resolved": "https://registry.npmjs.org/db-country/-/db-country-1.0.1.tgz",
      "integrity": "sha1-/ln9+Ekzwj1h4C6Q0LmFlAMJB9c=",
      "requires": {
        "node-etl": "^1.0.3"
      }
    },
    "jfile": {
      "version": "1.1.12",
      "resolved": "https://registry.npmjs.org/jfile/-/jfile-1.1.12.tgz",
      "integrity": "sha1-lQlqi1W76KdF7yP6V3DIF9EmhK4="
    },
    "nl-city": {
      "version": "1.0.0",
      "resolved": "https://registry.npmjs.org/nl-city/-/nl-city-1.0.0.tgz",
      "integrity": "sha512-QtSx44tqbeCR84hXJbBIUh43wG5d5ACLfW5yce/sujM0Czcl1GkqRdr9wpeYTcDLTlILDIr6Odmj3ymo+hl5bA=="
    },
    "node-etl": {
      "version": "1.0.3",
      "resolved": "https://registry.npmjs.org/node-etl/-/node-etl-1.0.3.tgz",
      "integrity": "sha1-txYQn3pGY/oA8+dysBMwmY3wxgU=",
      "requires": {
        "jfile": "^1.1.11",
        "x-class": "^1.0.11"
      }
    },
    "x-array": {
      "version": "1.0.15",
      "resolved": "https://registry.npmjs.org/x-array/-/x-array-1.0.15.tgz",
      "integrity": "sha1-JrZUks6s1XqY7668ZIkk4YGcAQg="
    },
    "x-class": {
      "version": "1.0.21",
      "resolved": "https://registry.npmjs.org/x-class/-/x-class-1.0.21.tgz",
      "integrity": "sha1-5/0DZmnv+I+W836NE4nFnlxUzJA=",
      "requires": {
        "x-array": "^1.0.15",
        "x-date": "^1.0.2",
        "x-function": "^1.0.3",
        "x-number": "^1.0.1",
        "x-object": "^1.0.2",
        "x-string": "^1.0.7"
      }
    },
    "x-date": {
      "version": "1.0.2",
      "resolved": "https://registry.npmjs.org/x-date/-/x-date-1.0.2.tgz",
      "integrity": "sha1-y6qB7cKhiMil99PyEaUG6xzWdh8="
    },
    "x-function": {
      "version": "1.0.3",
      "resolved": "https://registry.npmjs.org/x-function/-/x-function-1.0.3.tgz",
      "integrity": "sha1-bgi/P4shau2DS3PowGVT9Xp/HJc="
    },
    "x-number": {
      "version": "1.0.1",
      "resolved": "https://registry.npmjs.org/x-number/-/x-number-1.0.1.tgz",
      "integrity": "sha1-6NkBVEbYwDRYYnrD/z4+wOag48U="
    },
    "x-object": {
      "version": "1.0.10",
      "resolved": "https://registry.npmjs.org/x-object/-/x-object-1.0.10.tgz",
      "integrity": "sha1-k21rT+cnF6zALiLiZ6IuJ8/JtzY="
    },
    "x-string": {
      "version": "1.0.7",
      "resolved": "https://registry.npmjs.org/x-string/-/x-string-1.0.7.tgz",
      "integrity": "sha1-es9e5GlHJuD8MI3jY9cxrr2eE1w="
    }
  }
}
